// !$*UTF8*$!
{
	archiveVersion = 1;
	classes = {
	};
	objectVersion = 46;
	objects = {

/* Begin PBXBuildFile section */
		3B00DB901BBB027700FD29D4 /* JIMContainerVC.m in Sources */ = {isa = PBXBuildFile; fileRef = 3B00DB8F1BBB027700FD29D4 /* JIMContainerVC.m */; };
		3B02B1241BE9272500F20FAA /* JIMProfileVC.m in Sources */ = {isa = PBXBuildFile; fileRef = 3B02B1231BE9272500F20FAA /* JIMProfileVC.m */; };
		3B02B1281BE93BD300F20FAA /* JIMResidentVC.m in Sources */ = {isa = PBXBuildFile; fileRef = 3B02B1271BE93BD300F20FAA /* JIMResidentVC.m */; };
		3B02B12B1BE9419B00F20FAA /* JIMTblSimpleCell.m in Sources */ = {isa = PBXBuildFile; fileRef = 3B02B12A1BE9419B00F20FAA /* JIMTblSimpleCell.m */; };
		3B05A9C11C25C14E00199120 /* JIMAccView.xib in Resources */ = {isa = PBXBuildFile; fileRef = 3B05A9C01C25C14E00199120 /* JIMAccView.xib */; };
		3B0FB3F51BB74D81006B4F1E /* JIMDiscoverVC.m in Sources */ = {isa = PBXBuildFile; fileRef = 3B0FB3F41BB74D81006B4F1E /* JIMDiscoverVC.m */; };
		3B2D17C31BCB74B0000C8521 /* JImDViewController.m in Sources */ = {isa = PBXBuildFile; fileRef = 3B2D17C21BCB74B0000C8521 /* JImDViewController.m */; };
		3B2E162A1BD02A05009B90FE /* JIMCommentCell.m in Sources */ = {isa = PBXBuildFile; fileRef = 3B2E16291BD02A05009B90FE /* JIMCommentCell.m */; };
		3B2E162D1BD02A68009B90FE /* JIMEventDeailVC.m in Sources */ = {isa = PBXBuildFile; fileRef = 3B2E162C1BD02A68009B90FE /* JIMEventDeailVC.m */; };
		3B3167601C0E5DCF00A5B68D /* AFHTTPRequestOperation.m in Sources */ = {isa = PBXBuildFile; fileRef = 3B31673C1C0E5DCF00A5B68D /* AFHTTPRequestOperation.m */; };
		3B3167611C0E5DCF00A5B68D /* AFHTTPRequestOperationManager.m in Sources */ = {isa = PBXBuildFile; fileRef = 3B31673E1C0E5DCF00A5B68D /* AFHTTPRequestOperationManager.m */; };
		3B3167621C0E5DCF00A5B68D /* AFHTTPSessionManager.m in Sources */ = {isa = PBXBuildFile; fileRef = 3B3167401C0E5DCF00A5B68D /* AFHTTPSessionManager.m */; };
		3B3167631C0E5DCF00A5B68D /* AFNetworkReachabilityManager.m in Sources */ = {isa = PBXBuildFile; fileRef = 3B3167431C0E5DCF00A5B68D /* AFNetworkReachabilityManager.m */; };
		3B3167641C0E5DCF00A5B68D /* AFSecurityPolicy.m in Sources */ = {isa = PBXBuildFile; fileRef = 3B3167451C0E5DCF00A5B68D /* AFSecurityPolicy.m */; };
		3B3167651C0E5DCF00A5B68D /* AFURLConnectionOperation.m in Sources */ = {isa = PBXBuildFile; fileRef = 3B3167471C0E5DCF00A5B68D /* AFURLConnectionOperation.m */; };
		3B3167661C0E5DCF00A5B68D /* AFURLRequestSerialization.m in Sources */ = {isa = PBXBuildFile; fileRef = 3B3167491C0E5DCF00A5B68D /* AFURLRequestSerialization.m */; };
		3B3167671C0E5DCF00A5B68D /* AFURLResponseSerialization.m in Sources */ = {isa = PBXBuildFile; fileRef = 3B31674B1C0E5DCF00A5B68D /* AFURLResponseSerialization.m */; };
		3B3167681C0E5DCF00A5B68D /* AFURLSessionManager.m in Sources */ = {isa = PBXBuildFile; fileRef = 3B31674D1C0E5DCF00A5B68D /* AFURLSessionManager.m */; };
		3B3167691C0E5DCF00A5B68D /* AFNetworkActivityIndicatorManager.m in Sources */ = {isa = PBXBuildFile; fileRef = 3B3167501C0E5DCF00A5B68D /* AFNetworkActivityIndicatorManager.m */; };
		3B31676A1C0E5DCF00A5B68D /* UIActivityIndicatorView+AFNetworking.m in Sources */ = {isa = PBXBuildFile; fileRef = 3B3167521C0E5DCF00A5B68D /* UIActivityIndicatorView+AFNetworking.m */; };
		3B31676B1C0E5DCF00A5B68D /* UIAlertView+AFNetworking.m in Sources */ = {isa = PBXBuildFile; fileRef = 3B3167541C0E5DCF00A5B68D /* UIAlertView+AFNetworking.m */; };
		3B31676C1C0E5DCF00A5B68D /* UIButton+AFNetworking.m in Sources */ = {isa = PBXBuildFile; fileRef = 3B3167561C0E5DCF00A5B68D /* UIButton+AFNetworking.m */; };
		3B31676D1C0E5DCF00A5B68D /* UIImageView+AFNetworking.m in Sources */ = {isa = PBXBuildFile; fileRef = 3B3167581C0E5DCF00A5B68D /* UIImageView+AFNetworking.m */; };
		3B31676E1C0E5DCF00A5B68D /* UIProgressView+AFNetworking.m in Sources */ = {isa = PBXBuildFile; fileRef = 3B31675B1C0E5DCF00A5B68D /* UIProgressView+AFNetworking.m */; };
		3B31676F1C0E5DCF00A5B68D /* UIRefreshControl+AFNetworking.m in Sources */ = {isa = PBXBuildFile; fileRef = 3B31675D1C0E5DCF00A5B68D /* UIRefreshControl+AFNetworking.m */; };
		3B3167701C0E5DCF00A5B68D /* UIWebView+AFNetworking.m in Sources */ = {isa = PBXBuildFile; fileRef = 3B31675F1C0E5DCF00A5B68D /* UIWebView+AFNetworking.m */; };
		3B3B0A181BB362B400E58F19 /* main.m in Sources */ = {isa = PBXBuildFile; fileRef = 3B3B0A171BB362B400E58F19 /* main.m */; };
		3B3B0A211BB362B400E58F19 /* Main.storyboard in Resources */ = {isa = PBXBuildFile; fileRef = 3B3B0A1F1BB362B400E58F19 /* Main.storyboard */; };
		3B3B0A261BB362B400E58F19 /* LaunchScreen.xib in Resources */ = {isa = PBXBuildFile; fileRef = 3B3B0A241BB362B400E58F19 /* LaunchScreen.xib */; };
		3B3B0A321BB362B500E58F19 /* JustItMindTests.m in Sources */ = {isa = PBXBuildFile; fileRef = 3B3B0A311BB362B500E58F19 /* JustItMindTests.m */; };
		3B3B0A431BB3636300E58F19 /* AppDelegate.m in Sources */ = {isa = PBXBuildFile; fileRef = 3B3B0A401BB3636300E58F19 /* AppDelegate.m */; };
		3B3B0A441BB3636300E58F19 /* JIMViewController.m in Sources */ = {isa = PBXBuildFile; fileRef = 3B3B0A421BB3636300E58F19 /* JIMViewController.m */; };
		3B3B0A4A1BB364B000E58F19 /* JIMParentViewController.m in Sources */ = {isa = PBXBuildFile; fileRef = 3B3B0A491BB364B000E58F19 /* JIMParentViewController.m */; };
		3B3B0A4D1BB364D400E58F19 /* SGConstants.m in Sources */ = {isa = PBXBuildFile; fileRef = 3B3B0A4C1BB364D400E58F19 /* SGConstants.m */; };
		3B3B0A501BB364E200E58F19 /* PFWebServiceCalls.m in Sources */ = {isa = PBXBuildFile; fileRef = 3B3B0A4F1BB364E200E58F19 /* PFWebServiceCalls.m */; };
		3B3B0A521BB369D400E58F19 /* Images.xcassets in Resources */ = {isa = PBXBuildFile; fileRef = 3B3B0A511BB369D400E58F19 /* Images.xcassets */; };
		3B936A7C1BE29198000AD7B7 /* JIMChatCell.m in Sources */ = {isa = PBXBuildFile; fileRef = 3B936A7B1BE29198000AD7B7 /* JIMChatCell.m */; };
		3B9634FF1BC242B9006A1730 /* JIMProfileSettingVC.m in Sources */ = {isa = PBXBuildFile; fileRef = 3B9634FE1BC242B9006A1730 /* JIMProfileSettingVC.m */; };
		3B9ACC0D1BB4B15400FB9424 /* JIMHomeTabbarVC.m in Sources */ = {isa = PBXBuildFile; fileRef = 3B9ACC0C1BB4B15400FB9424 /* JIMHomeTabbarVC.m */; };
		3B9B31F11BB36EA70090D0EA /* JIMProfileCreateVC.m in Sources */ = {isa = PBXBuildFile; fileRef = 3B9B31F01BB36EA70090D0EA /* JIMProfileCreateVC.m */; };
		3BC838ED1BEBCECE00269714 /* JIMMyDiscoverVC.m in Sources */ = {isa = PBXBuildFile; fileRef = 3BC838EC1BEBCECE00269714 /* JIMMyDiscoverVC.m */; };
		3BD2F31B1BD2D80E00360051 /* JIMFeedContainerVC.m in Sources */ = {isa = PBXBuildFile; fileRef = 3BD2F31A1BD2D80E00360051 /* JIMFeedContainerVC.m */; };
		3BED07DD1BE04275008A6690 /* JIMChatVC.m in Sources */ = {isa = PBXBuildFile; fileRef = 3BED07DC1BE04275008A6690 /* JIMChatVC.m */; };
		3BF652A01BB9AA9E00BEB521 /* NewsFeed.storyboard in Resources */ = {isa = PBXBuildFile; fileRef = 3BF6529F1BB9AA9E00BEB521 /* NewsFeed.storyboard */; };
		3BF652A41BB9AD7D00BEB521 /* JIMNewsFeedVC.m in Sources */ = {isa = PBXBuildFile; fileRef = 3BF652A31BB9AD7D00BEB521 /* JIMNewsFeedVC.m */; };
		3BF776EF1BD78ECA003A9C6C /* Chat.storyboard in Resources */ = {isa = PBXBuildFile; fileRef = 3BF776EE1BD78ECA003A9C6C /* Chat.storyboard */; };
		3BFC25641BB7D37300B11C96 /* JIMDiscoverCell.m in Sources */ = {isa = PBXBuildFile; fileRef = 3BFC25631BB7D37300B11C96 /* JIMDiscoverCell.m */; };
		3BFEC1EB1BD80A38007854A6 /* ChatUserListVC.m in Sources */ = {isa = PBXBuildFile; fileRef = 3BFEC1EA1BD80A38007854A6 /* ChatUserListVC.m */; };
		3BFFC0D61C0FB80700C49C45 /* User.m in Sources */ = {isa = PBXBuildFile; fileRef = 3BFFC0D51C0FB80700C49C45 /* User.m */; };
/* End PBXBuildFile section */

/* Begin PBXContainerItemProxy section */
		3B3B0A2C1BB362B500E58F19 /* PBXContainerItemProxy */ = {
			isa = PBXContainerItemProxy;
			containerPortal = 3B3B0A0A1BB362B400E58F19 /* Project object */;
			proxyType = 1;
			remoteGlobalIDString = 3B3B0A111BB362B400E58F19;
			remoteInfo = JustItMind;
		};
/* End PBXContainerItemProxy section */

/* Begin PBXFileReference section */
		3B00DB8E1BBB027700FD29D4 /* JIMContainerVC.h */ = {isa = PBXFileReference; fileEncoding = 4; lastKnownFileType = sourcecode.c.h; path = JIMContainerVC.h; sourceTree = "<group>"; };
		3B00DB8F1BBB027700FD29D4 /* JIMContainerVC.m */ = {isa = PBXFileReference; fileEncoding = 4; lastKnownFileType = sourcecode.c.objc; path = JIMContainerVC.m; sourceTree = "<group>"; };
		3B02B1221BE9272500F20FAA /* JIMProfileVC.h */ = {isa = PBXFileReference; fileEncoding = 4; lastKnownFileType = sourcecode.c.h; path = JIMProfileVC.h; sourceTree = "<group>"; };
		3B02B1231BE9272500F20FAA /* JIMProfileVC.m */ = {isa = PBXFileReference; fileEncoding = 4; lastKnownFileType = sourcecode.c.objc; path = JIMProfileVC.m; sourceTree = "<group>"; };
		3B02B1261BE93BD300F20FAA /* JIMResidentVC.h */ = {isa = PBXFileReference; fileEncoding = 4; lastKnownFileType = sourcecode.c.h; path = JIMResidentVC.h; sourceTree = "<group>"; };
		3B02B1271BE93BD300F20FAA /* JIMResidentVC.m */ = {isa = PBXFileReference; fileEncoding = 4; lastKnownFileType = sourcecode.c.objc; path = JIMResidentVC.m; sourceTree = "<group>"; };
		3B02B1291BE9419B00F20FAA /* JIMTblSimpleCell.h */ = {isa = PBXFileReference; fileEncoding = 4; lastKnownFileType = sourcecode.c.h; path = JIMTblSimpleCell.h; sourceTree = "<group>"; };
		3B02B12A1BE9419B00F20FAA /* JIMTblSimpleCell.m */ = {isa = PBXFileReference; fileEncoding = 4; lastKnownFileType = sourcecode.c.objc; path = JIMTblSimpleCell.m; sourceTree = "<group>"; };
		3B05A9C01C25C14E00199120 /* JIMAccView.xib */ = {isa = PBXFileReference; fileEncoding = 4; lastKnownFileType = file.xib; path = JIMAccView.xib; sourceTree = "<group>"; };
		3B0FB3F31BB74D81006B4F1E /* JIMDiscoverVC.h */ = {isa = PBXFileReference; fileEncoding = 4; lastKnownFileType = sourcecode.c.h; path = JIMDiscoverVC.h; sourceTree = "<group>"; };
		3B0FB3F41BB74D81006B4F1E /* JIMDiscoverVC.m */ = {isa = PBXFileReference; fileEncoding = 4; lastKnownFileType = sourcecode.c.objc; path = JIMDiscoverVC.m; sourceTree = "<group>"; };
		3B2D17C11BCB74B0000C8521 /* JImDViewController.h */ = {isa = PBXFileReference; fileEncoding = 4; lastKnownFileType = sourcecode.c.h; path = JImDViewController.h; sourceTree = "<group>"; };
		3B2D17C21BCB74B0000C8521 /* JImDViewController.m */ = {isa = PBXFileReference; fileEncoding = 4; lastKnownFileType = sourcecode.c.objc; path = JImDViewController.m; sourceTree = "<group>"; };
		3B2E16281BD02A05009B90FE /* JIMCommentCell.h */ = {isa = PBXFileReference; fileEncoding = 4; lastKnownFileType = sourcecode.c.h; path = JIMCommentCell.h; sourceTree = "<group>"; };
		3B2E16291BD02A05009B90FE /* JIMCommentCell.m */ = {isa = PBXFileReference; fileEncoding = 4; lastKnownFileType = sourcecode.c.objc; path = JIMCommentCell.m; sourceTree = "<group>"; };
		3B2E162B1BD02A68009B90FE /* JIMEventDeailVC.h */ = {isa = PBXFileReference; fileEncoding = 4; lastKnownFileType = sourcecode.c.h; path = JIMEventDeailVC.h; sourceTree = "<group>"; };
		3B2E162C1BD02A68009B90FE /* JIMEventDeailVC.m */ = {isa = PBXFileReference; fileEncoding = 4; lastKnownFileType = sourcecode.c.objc; path = JIMEventDeailVC.m; sourceTree = "<group>"; };
		3B31673B1C0E5DCF00A5B68D /* AFHTTPRequestOperation.h */ = {isa = PBXFileReference; fileEncoding = 4; lastKnownFileType = sourcecode.c.h; path = AFHTTPRequestOperation.h; sourceTree = "<group>"; };
		3B31673C1C0E5DCF00A5B68D /* AFHTTPRequestOperation.m */ = {isa = PBXFileReference; fileEncoding = 4; lastKnownFileType = sourcecode.c.objc; path = AFHTTPRequestOperation.m; sourceTree = "<group>"; };
		3B31673D1C0E5DCF00A5B68D /* AFHTTPRequestOperationManager.h */ = {isa = PBXFileReference; fileEncoding = 4; lastKnownFileType = sourcecode.c.h; path = AFHTTPRequestOperationManager.h; sourceTree = "<group>"; };
		3B31673E1C0E5DCF00A5B68D /* AFHTTPRequestOperationManager.m */ = {isa = PBXFileReference; fileEncoding = 4; lastKnownFileType = sourcecode.c.objc; path = AFHTTPRequestOperationManager.m; sourceTree = "<group>"; };
		3B31673F1C0E5DCF00A5B68D /* AFHTTPSessionManager.h */ = {isa = PBXFileReference; fileEncoding = 4; lastKnownFileType = sourcecode.c.h; path = AFHTTPSessionManager.h; sourceTree = "<group>"; };
		3B3167401C0E5DCF00A5B68D /* AFHTTPSessionManager.m */ = {isa = PBXFileReference; fileEncoding = 4; lastKnownFileType = sourcecode.c.objc; path = AFHTTPSessionManager.m; sourceTree = "<group>"; };
		3B3167411C0E5DCF00A5B68D /* AFNetworking.h */ = {isa = PBXFileReference; fileEncoding = 4; lastKnownFileType = sourcecode.c.h; path = AFNetworking.h; sourceTree = "<group>"; };
		3B3167421C0E5DCF00A5B68D /* AFNetworkReachabilityManager.h */ = {isa = PBXFileReference; fileEncoding = 4; lastKnownFileType = sourcecode.c.h; path = AFNetworkReachabilityManager.h; sourceTree = "<group>"; };
		3B3167431C0E5DCF00A5B68D /* AFNetworkReachabilityManager.m */ = {isa = PBXFileReference; fileEncoding = 4; lastKnownFileType = sourcecode.c.objc; path = AFNetworkReachabilityManager.m; sourceTree = "<group>"; };
		3B3167441C0E5DCF00A5B68D /* AFSecurityPolicy.h */ = {isa = PBXFileReference; fileEncoding = 4; lastKnownFileType = sourcecode.c.h; path = AFSecurityPolicy.h; sourceTree = "<group>"; };
		3B3167451C0E5DCF00A5B68D /* AFSecurityPolicy.m */ = {isa = PBXFileReference; fileEncoding = 4; lastKnownFileType = sourcecode.c.objc; path = AFSecurityPolicy.m; sourceTree = "<group>"; };
		3B3167461C0E5DCF00A5B68D /* AFURLConnectionOperation.h */ = {isa = PBXFileReference; fileEncoding = 4; lastKnownFileType = sourcecode.c.h; path = AFURLConnectionOperation.h; sourceTree = "<group>"; };
		3B3167471C0E5DCF00A5B68D /* AFURLConnectionOperation.m */ = {isa = PBXFileReference; fileEncoding = 4; lastKnownFileType = sourcecode.c.objc; path = AFURLConnectionOperation.m; sourceTree = "<group>"; };
		3B3167481C0E5DCF00A5B68D /* AFURLRequestSerialization.h */ = {isa = PBXFileReference; fileEncoding = 4; lastKnownFileType = sourcecode.c.h; path = AFURLRequestSerialization.h; sourceTree = "<group>"; };
		3B3167491C0E5DCF00A5B68D /* AFURLRequestSerialization.m */ = {isa = PBXFileReference; fileEncoding = 4; lastKnownFileType = sourcecode.c.objc; path = AFURLRequestSerialization.m; sourceTree = "<group>"; };
		3B31674A1C0E5DCF00A5B68D /* AFURLResponseSerialization.h */ = {isa = PBXFileReference; fileEncoding = 4; lastKnownFileType = sourcecode.c.h; path = AFURLResponseSerialization.h; sourceTree = "<group>"; };
		3B31674B1C0E5DCF00A5B68D /* AFURLResponseSerialization.m */ = {isa = PBXFileReference; fileEncoding = 4; lastKnownFileType = sourcecode.c.objc; path = AFURLResponseSerialization.m; sourceTree = "<group>"; };
		3B31674C1C0E5DCF00A5B68D /* AFURLSessionManager.h */ = {isa = PBXFileReference; fileEncoding = 4; lastKnownFileType = sourcecode.c.h; path = AFURLSessionManager.h; sourceTree = "<group>"; };
		3B31674D1C0E5DCF00A5B68D /* AFURLSessionManager.m */ = {isa = PBXFileReference; fileEncoding = 4; lastKnownFileType = sourcecode.c.objc; path = AFURLSessionManager.m; sourceTree = "<group>"; };
		3B31674F1C0E5DCF00A5B68D /* AFNetworkActivityIndicatorManager.h */ = {isa = PBXFileReference; fileEncoding = 4; lastKnownFileType = sourcecode.c.h; path = AFNetworkActivityIndicatorManager.h; sourceTree = "<group>"; };
		3B3167501C0E5DCF00A5B68D /* AFNetworkActivityIndicatorManager.m */ = {isa = PBXFileReference; fileEncoding = 4; lastKnownFileType = sourcecode.c.objc; path = AFNetworkActivityIndicatorManager.m; sourceTree = "<group>"; };
		3B3167511C0E5DCF00A5B68D /* UIActivityIndicatorView+AFNetworking.h */ = {isa = PBXFileReference; fileEncoding = 4; lastKnownFileType = sourcecode.c.h; path = "UIActivityIndicatorView+AFNetworking.h"; sourceTree = "<group>"; };
		3B3167521C0E5DCF00A5B68D /* UIActivityIndicatorView+AFNetworking.m */ = {isa = PBXFileReference; fileEncoding = 4; lastKnownFileType = sourcecode.c.objc; path = "UIActivityIndicatorView+AFNetworking.m"; sourceTree = "<group>"; };
		3B3167531C0E5DCF00A5B68D /* UIAlertView+AFNetworking.h */ = {isa = PBXFileReference; fileEncoding = 4; lastKnownFileType = sourcecode.c.h; path = "UIAlertView+AFNetworking.h"; sourceTree = "<group>"; };
		3B3167541C0E5DCF00A5B68D /* UIAlertView+AFNetworking.m */ = {isa = PBXFileReference; fileEncoding = 4; lastKnownFileType = sourcecode.c.objc; path = "UIAlertView+AFNetworking.m"; sourceTree = "<group>"; };
		3B3167551C0E5DCF00A5B68D /* UIButton+AFNetworking.h */ = {isa = PBXFileReference; fileEncoding = 4; lastKnownFileType = sourcecode.c.h; path = "UIButton+AFNetworking.h"; sourceTree = "<group>"; };
		3B3167561C0E5DCF00A5B68D /* UIButton+AFNetworking.m */ = {isa = PBXFileReference; fileEncoding = 4; lastKnownFileType = sourcecode.c.objc; path = "UIButton+AFNetworking.m"; sourceTree = "<group>"; };
		3B3167571C0E5DCF00A5B68D /* UIImageView+AFNetworking.h */ = {isa = PBXFileReference; fileEncoding = 4; lastKnownFileType = sourcecode.c.h; path = "UIImageView+AFNetworking.h"; sourceTree = "<group>"; };
		3B3167581C0E5DCF00A5B68D /* UIImageView+AFNetworking.m */ = {isa = PBXFileReference; fileEncoding = 4; lastKnownFileType = sourcecode.c.objc; path = "UIImageView+AFNetworking.m"; sourceTree = "<group>"; };
		3B3167591C0E5DCF00A5B68D /* UIKit+AFNetworking.h */ = {isa = PBXFileReference; fileEncoding = 4; lastKnownFileType = sourcecode.c.h; path = "UIKit+AFNetworking.h"; sourceTree = "<group>"; };
		3B31675A1C0E5DCF00A5B68D /* UIProgressView+AFNetworking.h */ = {isa = PBXFileReference; fileEncoding = 4; lastKnownFileType = sourcecode.c.h; path = "UIProgressView+AFNetworking.h"; sourceTree = "<group>"; };
		3B31675B1C0E5DCF00A5B68D /* UIProgressView+AFNetworking.m */ = {isa = PBXFileReference; fileEncoding = 4; lastKnownFileType = sourcecode.c.objc; path = "UIProgressView+AFNetworking.m"; sourceTree = "<group>"; };
		3B31675C1C0E5DCF00A5B68D /* UIRefreshControl+AFNetworking.h */ = {isa = PBXFileReference; fileEncoding = 4; lastKnownFileType = sourcecode.c.h; path = "UIRefreshControl+AFNetworking.h"; sourceTree = "<group>"; };
		3B31675D1C0E5DCF00A5B68D /* UIRefreshControl+AFNetworking.m */ = {isa = PBXFileReference; fileEncoding = 4; lastKnownFileType = sourcecode.c.objc; path = "UIRefreshControl+AFNetworking.m"; sourceTree = "<group>"; };
		3B31675E1C0E5DCF00A5B68D /* UIWebView+AFNetworking.h */ = {isa = PBXFileReference; fileEncoding = 4; lastKnownFileType = sourcecode.c.h; path = "UIWebView+AFNetworking.h"; sourceTree = "<group>"; };
		3B31675F1C0E5DCF00A5B68D /* UIWebView+AFNetworking.m */ = {isa = PBXFileReference; fileEncoding = 4; lastKnownFileType = sourcecode.c.objc; path = "UIWebView+AFNetworking.m"; sourceTree = "<group>"; };
		3B3B0A121BB362B400E58F19 /* JustItMind.app */ = {isa = PBXFileReference; explicitFileType = wrapper.application; includeInIndex = 0; path = JustItMind.app; sourceTree = BUILT_PRODUCTS_DIR; };
		3B3B0A161BB362B400E58F19 /* Info.plist */ = {isa = PBXFileReference; lastKnownFileType = text.plist.xml; path = Info.plist; sourceTree = "<group>"; };
		3B3B0A171BB362B400E58F19 /* main.m */ = {isa = PBXFileReference; lastKnownFileType = sourcecode.c.objc; path = main.m; sourceTree = "<group>"; };
		3B3B0A201BB362B400E58F19 /* Base */ = {isa = PBXFileReference; lastKnownFileType = file.storyboard; name = Base; path = Base.lproj/Main.storyboard; sourceTree = "<group>"; };
		3B3B0A251BB362B400E58F19 /* Base */ = {isa = PBXFileReference; lastKnownFileType = file.xib; name = Base; path = Base.lproj/LaunchScreen.xib; sourceTree = "<group>"; };
		3B3B0A2B1BB362B500E58F19 /* JustItMindTests.xctest */ = {isa = PBXFileReference; explicitFileType = wrapper.cfbundle; includeInIndex = 0; path = JustItMindTests.xctest; sourceTree = BUILT_PRODUCTS_DIR; };
		3B3B0A301BB362B500E58F19 /* Info.plist */ = {isa = PBXFileReference; lastKnownFileType = text.plist.xml; path = Info.plist; sourceTree = "<group>"; };
		3B3B0A311BB362B500E58F19 /* JustItMindTests.m */ = {isa = PBXFileReference; lastKnownFileType = sourcecode.c.objc; path = JustItMindTests.m; sourceTree = "<group>"; };
		3B3B0A3F1BB3636300E58F19 /* AppDelegate.h */ = {isa = PBXFileReference; fileEncoding = 4; lastKnownFileType = sourcecode.c.h; name = AppDelegate.h; path = Classes/AppDelegate.h; sourceTree = "<group>"; };
		3B3B0A401BB3636300E58F19 /* AppDelegate.m */ = {isa = PBXFileReference; fileEncoding = 4; lastKnownFileType = sourcecode.c.objc; name = AppDelegate.m; path = Classes/AppDelegate.m; sourceTree = "<group>"; };
		3B3B0A411BB3636300E58F19 /* JIMViewController.h */ = {isa = PBXFileReference; fileEncoding = 4; lastKnownFileType = sourcecode.c.h; path = JIMViewController.h; sourceTree = "<group>"; };
		3B3B0A421BB3636300E58F19 /* JIMViewController.m */ = {isa = PBXFileReference; fileEncoding = 4; lastKnownFileType = sourcecode.c.objc; path = JIMViewController.m; sourceTree = "<group>"; };
		3B3B0A481BB364B000E58F19 /* JIMParentViewController.h */ = {isa = PBXFileReference; fileEncoding = 4; lastKnownFileType = sourcecode.c.h; path = JIMParentViewController.h; sourceTree = "<group>"; };
		3B3B0A491BB364B000E58F19 /* JIMParentViewController.m */ = {isa = PBXFileReference; fileEncoding = 4; lastKnownFileType = sourcecode.c.objc; path = JIMParentViewController.m; sourceTree = "<group>"; };
		3B3B0A4B1BB364D400E58F19 /* SGConstants.h */ = {isa = PBXFileReference; fileEncoding = 4; lastKnownFileType = sourcecode.c.h; path = SGConstants.h; sourceTree = "<group>"; };
		3B3B0A4C1BB364D400E58F19 /* SGConstants.m */ = {isa = PBXFileReference; fileEncoding = 4; lastKnownFileType = sourcecode.c.objc; path = SGConstants.m; sourceTree = "<group>"; };
		3B3B0A4E1BB364E200E58F19 /* PFWebServiceCalls.h */ = {isa = PBXFileReference; fileEncoding = 4; lastKnownFileType = sourcecode.c.h; path = PFWebServiceCalls.h; sourceTree = "<group>"; };
		3B3B0A4F1BB364E200E58F19 /* PFWebServiceCalls.m */ = {isa = PBXFileReference; fileEncoding = 4; lastKnownFileType = sourcecode.c.objc; path = PFWebServiceCalls.m; sourceTree = "<group>"; };
		3B3B0A511BB369D400E58F19 /* Images.xcassets */ = {isa = PBXFileReference; lastKnownFileType = folder.assetcatalog; path = Images.xcassets; sourceTree = "<group>"; };
		3B3B0A531BB36A7000E58F19 /* JustItMind-PCH.pch */ = {isa = PBXFileReference; fileEncoding = 4; lastKnownFileType = sourcecode.c.h; path = "JustItMind-PCH.pch"; sourceTree = "<group>"; };
		3B936A7A1BE29198000AD7B7 /* JIMChatCell.h */ = {isa = PBXFileReference; fileEncoding = 4; lastKnownFileType = sourcecode.c.h; path = JIMChatCell.h; sourceTree = "<group>"; };
		3B936A7B1BE29198000AD7B7 /* JIMChatCell.m */ = {isa = PBXFileReference; fileEncoding = 4; lastKnownFileType = sourcecode.c.objc; path = JIMChatCell.m; sourceTree = "<group>"; };
		3B9634FD1BC242B9006A1730 /* JIMProfileSettingVC.h */ = {isa = PBXFileReference; fileEncoding = 4; lastKnownFileType = sourcecode.c.h; path = JIMProfileSettingVC.h; sourceTree = "<group>"; };
		3B9634FE1BC242B9006A1730 /* JIMProfileSettingVC.m */ = {isa = PBXFileReference; fileEncoding = 4; lastKnownFileType = sourcecode.c.objc; path = JIMProfileSettingVC.m; sourceTree = "<group>"; };
		3B9ACC0B1BB4B15400FB9424 /* JIMHomeTabbarVC.h */ = {isa = PBXFileReference; fileEncoding = 4; lastKnownFileType = sourcecode.c.h; path = JIMHomeTabbarVC.h; sourceTree = "<group>"; };
		3B9ACC0C1BB4B15400FB9424 /* JIMHomeTabbarVC.m */ = {isa = PBXFileReference; fileEncoding = 4; lastKnownFileType = sourcecode.c.objc; path = JIMHomeTabbarVC.m; sourceTree = "<group>"; };
		3B9B31EF1BB36EA70090D0EA /* JIMProfileCreateVC.h */ = {isa = PBXFileReference; fileEncoding = 4; lastKnownFileType = sourcecode.c.h; path = JIMProfileCreateVC.h; sourceTree = "<group>"; };
		3B9B31F01BB36EA70090D0EA /* JIMProfileCreateVC.m */ = {isa = PBXFileReference; fileEncoding = 4; lastKnownFileType = sourcecode.c.objc; path = JIMProfileCreateVC.m; sourceTree = "<group>"; };
		3BC838EB1BEBCECE00269714 /* JIMMyDiscoverVC.h */ = {isa = PBXFileReference; fileEncoding = 4; lastKnownFileType = sourcecode.c.h; path = JIMMyDiscoverVC.h; sourceTree = "<group>"; };
		3BC838EC1BEBCECE00269714 /* JIMMyDiscoverVC.m */ = {isa = PBXFileReference; fileEncoding = 4; lastKnownFileType = sourcecode.c.objc; path = JIMMyDiscoverVC.m; sourceTree = "<group>"; };
		3BD2F3191BD2D80E00360051 /* JIMFeedContainerVC.h */ = {isa = PBXFileReference; fileEncoding = 4; lastKnownFileType = sourcecode.c.h; path = JIMFeedContainerVC.h; sourceTree = "<group>"; };
		3BD2F31A1BD2D80E00360051 /* JIMFeedContainerVC.m */ = {isa = PBXFileReference; fileEncoding = 4; lastKnownFileType = sourcecode.c.objc; path = JIMFeedContainerVC.m; sourceTree = "<group>"; };
		3BED07DB1BE04275008A6690 /* JIMChatVC.h */ = {isa = PBXFileReference; fileEncoding = 4; lastKnownFileType = sourcecode.c.h; path = JIMChatVC.h; sourceTree = "<group>"; };
		3BED07DC1BE04275008A6690 /* JIMChatVC.m */ = {isa = PBXFileReference; fileEncoding = 4; lastKnownFileType = sourcecode.c.objc; path = JIMChatVC.m; sourceTree = "<group>"; };
		3BF6529F1BB9AA9E00BEB521 /* NewsFeed.storyboard */ = {isa = PBXFileReference; fileEncoding = 4; lastKnownFileType = file.storyboard; path = NewsFeed.storyboard; sourceTree = "<group>"; };
		3BF652A21BB9AD7D00BEB521 /* JIMNewsFeedVC.h */ = {isa = PBXFileReference; fileEncoding = 4; lastKnownFileType = sourcecode.c.h; path = JIMNewsFeedVC.h; sourceTree = "<group>"; };
		3BF652A31BB9AD7D00BEB521 /* JIMNewsFeedVC.m */ = {isa = PBXFileReference; fileEncoding = 4; lastKnownFileType = sourcecode.c.objc; path = JIMNewsFeedVC.m; sourceTree = "<group>"; };
		3BF776EE1BD78ECA003A9C6C /* Chat.storyboard */ = {isa = PBXFileReference; fileEncoding = 4; lastKnownFileType = file.storyboard; path = Chat.storyboard; sourceTree = "<group>"; };
		3BFC25621BB7D37300B11C96 /* JIMDiscoverCell.h */ = {isa = PBXFileReference; fileEncoding = 4; lastKnownFileType = sourcecode.c.h; path = JIMDiscoverCell.h; sourceTree = "<group>"; };
		3BFC25631BB7D37300B11C96 /* JIMDiscoverCell.m */ = {isa = PBXFileReference; fileEncoding = 4; lastKnownFileType = sourcecode.c.objc; path = JIMDiscoverCell.m; sourceTree = "<group>"; };
		3BFEC1E91BD80A38007854A6 /* ChatUserListVC.h */ = {isa = PBXFileReference; fileEncoding = 4; lastKnownFileType = sourcecode.c.h; path = ChatUserListVC.h; sourceTree = "<group>"; };
		3BFEC1EA1BD80A38007854A6 /* ChatUserListVC.m */ = {isa = PBXFileReference; fileEncoding = 4; lastKnownFileType = sourcecode.c.objc; path = ChatUserListVC.m; sourceTree = "<group>"; };
		3BFFC0D41C0FB80700C49C45 /* User.h */ = {isa = PBXFileReference; fileEncoding = 4; lastKnownFileType = sourcecode.c.h; path = User.h; sourceTree = "<group>"; };
		3BFFC0D51C0FB80700C49C45 /* User.m */ = {isa = PBXFileReference; fileEncoding = 4; lastKnownFileType = sourcecode.c.objc; path = User.m; sourceTree = "<group>"; };
/* End PBXFileReference section */

/* Begin PBXFrameworksBuildPhase section */
		3B3B0A0F1BB362B400E58F19 /* Frameworks */ = {
			isa = PBXFrameworksBuildPhase;
			buildActionMask = 2147483647;
			files = (
			);
			runOnlyForDeploymentPostprocessing = 0;
		};
		3B3B0A281BB362B500E58F19 /* Frameworks */ = {
			isa = PBXFrameworksBuildPhase;
			buildActionMask = 2147483647;
			files = (
			);
			runOnlyForDeploymentPostprocessing = 0;
		};
/* End PBXFrameworksBuildPhase section */

/* Begin PBXGroup section */
		3B00DB8D1BBB025300FD29D4 /* ContainerVC */ = {
			isa = PBXGroup;
			children = (
				3B00DB8E1BBB027700FD29D4 /* JIMContainerVC.h */,
				3B00DB8F1BBB027700FD29D4 /* JIMContainerVC.m */,
			);
			name = ContainerVC;
			sourceTree = "<group>";
		};
		3B02B1211BE926F300F20FAA /* Profile */ = {
			isa = PBXGroup;
			children = (
				3B02B1221BE9272500F20FAA /* JIMProfileVC.h */,
				3B02B1231BE9272500F20FAA /* JIMProfileVC.m */,
			);
			name = Profile;
			sourceTree = "<group>";
		};
		3B02B1251BE93BB800F20FAA /* Residents */ = {
			isa = PBXGroup;
			children = (
				3B02B1261BE93BD300F20FAA /* JIMResidentVC.h */,
				3B02B1271BE93BD300F20FAA /* JIMResidentVC.m */,
				3B02B1291BE9419B00F20FAA /* JIMTblSimpleCell.h */,
				3B02B12A1BE9419B00F20FAA /* JIMTblSimpleCell.m */,
			);
			name = Residents;
			sourceTree = "<group>";
		};
		3B0FB3F21BB74D36006B4F1E /* Discover */ = {
			isa = PBXGroup;
			children = (
				3B0FB3F31BB74D81006B4F1E /* JIMDiscoverVC.h */,
				3B0FB3F41BB74D81006B4F1E /* JIMDiscoverVC.m */,
				3B2D17C11BCB74B0000C8521 /* JImDViewController.h */,
				3B2D17C21BCB74B0000C8521 /* JImDViewController.m */,
			);
			name = Discover;
			sourceTree = "<group>";
		};
		3B3167011C0E56D000A5B68D /* AFNetworking */ = {
			isa = PBXGroup;
			children = (
				3B31673A1C0E5DCF00A5B68D /* AFNetworking */,
				3B31674E1C0E5DCF00A5B68D /* UIKit+AFNetworking */,
			);
			name = AFNetworking;
			sourceTree = "<group>";
		};
		3B31673A1C0E5DCF00A5B68D /* AFNetworking */ = {
			isa = PBXGroup;
			children = (
				3B31673B1C0E5DCF00A5B68D /* AFHTTPRequestOperation.h */,
				3B31673C1C0E5DCF00A5B68D /* AFHTTPRequestOperation.m */,
				3B31673D1C0E5DCF00A5B68D /* AFHTTPRequestOperationManager.h */,
				3B31673E1C0E5DCF00A5B68D /* AFHTTPRequestOperationManager.m */,
				3B31673F1C0E5DCF00A5B68D /* AFHTTPSessionManager.h */,
				3B3167401C0E5DCF00A5B68D /* AFHTTPSessionManager.m */,
				3B3167411C0E5DCF00A5B68D /* AFNetworking.h */,
				3B3167421C0E5DCF00A5B68D /* AFNetworkReachabilityManager.h */,
				3B3167431C0E5DCF00A5B68D /* AFNetworkReachabilityManager.m */,
				3B3167441C0E5DCF00A5B68D /* AFSecurityPolicy.h */,
				3B3167451C0E5DCF00A5B68D /* AFSecurityPolicy.m */,
				3B3167461C0E5DCF00A5B68D /* AFURLConnectionOperation.h */,
				3B3167471C0E5DCF00A5B68D /* AFURLConnectionOperation.m */,
				3B3167481C0E5DCF00A5B68D /* AFURLRequestSerialization.h */,
				3B3167491C0E5DCF00A5B68D /* AFURLRequestSerialization.m */,
				3B31674A1C0E5DCF00A5B68D /* AFURLResponseSerialization.h */,
				3B31674B1C0E5DCF00A5B68D /* AFURLResponseSerialization.m */,
				3B31674C1C0E5DCF00A5B68D /* AFURLSessionManager.h */,
				3B31674D1C0E5DCF00A5B68D /* AFURLSessionManager.m */,
			);
			path = AFNetworking;
			sourceTree = "<group>";
		};
		3B31674E1C0E5DCF00A5B68D /* UIKit+AFNetworking */ = {
			isa = PBXGroup;
			children = (
				3B31674F1C0E5DCF00A5B68D /* AFNetworkActivityIndicatorManager.h */,
				3B3167501C0E5DCF00A5B68D /* AFNetworkActivityIndicatorManager.m */,
				3B3167511C0E5DCF00A5B68D /* UIActivityIndicatorView+AFNetworking.h */,
				3B3167521C0E5DCF00A5B68D /* UIActivityIndicatorView+AFNetworking.m */,
				3B3167531C0E5DCF00A5B68D /* UIAlertView+AFNetworking.h */,
				3B3167541C0E5DCF00A5B68D /* UIAlertView+AFNetworking.m */,
				3B3167551C0E5DCF00A5B68D /* UIButton+AFNetworking.h */,
				3B3167561C0E5DCF00A5B68D /* UIButton+AFNetworking.m */,
				3B3167571C0E5DCF00A5B68D /* UIImageView+AFNetworking.h */,
				3B3167581C0E5DCF00A5B68D /* UIImageView+AFNetworking.m */,
				3B3167591C0E5DCF00A5B68D /* UIKit+AFNetworking.h */,
				3B31675A1C0E5DCF00A5B68D /* UIProgressView+AFNetworking.h */,
				3B31675B1C0E5DCF00A5B68D /* UIProgressView+AFNetworking.m */,
				3B31675C1C0E5DCF00A5B68D /* UIRefreshControl+AFNetworking.h */,
				3B31675D1C0E5DCF00A5B68D /* UIRefreshControl+AFNetworking.m */,
				3B31675E1C0E5DCF00A5B68D /* UIWebView+AFNetworking.h */,
				3B31675F1C0E5DCF00A5B68D /* UIWebView+AFNetworking.m */,
			);
			path = "UIKit+AFNetworking";
			sourceTree = "<group>";
		};
		3B3B0A091BB362B400E58F19 = {
			isa = PBXGroup;
			children = (
				3B3B0A141BB362B400E58F19 /* JustItMind */,
				3B3B0A2E1BB362B500E58F19 /* JustItMindTests */,
				3B3B0A131BB362B400E58F19 /* Products */,
			);
			sourceTree = "<group>";
		};
		3B3B0A131BB362B400E58F19 /* Products */ = {
			isa = PBXGroup;
			children = (
				3B3B0A121BB362B400E58F19 /* JustItMind.app */,
				3B3B0A2B1BB362B500E58F19 /* JustItMindTests.xctest */,
			);
			name = Products;
			sourceTree = "<group>";
		};
		3B3B0A141BB362B400E58F19 /* JustItMind */ = {
			isa = PBXGroup;
			children = (
				3B3167011C0E56D000A5B68D /* AFNetworking */,
				3B3B0A511BB369D400E58F19 /* Images.xcassets */,
				3B3B0A3F1BB3636300E58F19 /* AppDelegate.h */,
				3B3B0A401BB3636300E58F19 /* AppDelegate.m */,
				3B3B0A461BB3640D00E58F19 /* Storyboard */,
				3B3B0A3E1BB3632100E58F19 /* Classes */,
				3B3B0A451BB363E900E58F19 /* Resources */,
				3B3B0A151BB362B400E58F19 /* Supporting Files */,
			);
			path = JustItMind;
			sourceTree = "<group>";
		};
		3B3B0A151BB362B400E58F19 /* Supporting Files */ = {
			isa = PBXGroup;
			children = (
				3B3B0A161BB362B400E58F19 /* Info.plist */,
				3B3B0A171BB362B400E58F19 /* main.m */,
				3B3B0A531BB36A7000E58F19 /* JustItMind-PCH.pch */,
			);
			name = "Supporting Files";
			sourceTree = "<group>";
		};
		3B3B0A2E1BB362B500E58F19 /* JustItMindTests */ = {
			isa = PBXGroup;
			children = (
				3B3B0A311BB362B500E58F19 /* JustItMindTests.m */,
				3B3B0A2F1BB362B500E58F19 /* Supporting Files */,
			);
			path = JustItMindTests;
			sourceTree = "<group>";
		};
		3B3B0A2F1BB362B500E58F19 /* Supporting Files */ = {
			isa = PBXGroup;
			children = (
				3B3B0A301BB362B500E58F19 /* Info.plist */,
			);
			name = "Supporting Files";
			sourceTree = "<group>";
		};
		3B3B0A3E1BB3632100E58F19 /* Classes */ = {
			isa = PBXGroup;
			children = (
				3BFFC0D31C0FB7E300C49C45 /* Model */,
				3BC838EA1BEBCEB100269714 /* MyDiscover */,
				3B02B1251BE93BB800F20FAA /* Residents */,
				3B02B1211BE926F300F20FAA /* Profile */,
				3BFEC1E81BD809B4007854A6 /* Chat */,
				3B00DB8D1BBB025300FD29D4 /* ContainerVC */,
				3BF652A11BB9AD1000BEB521 /* NewsFeed */,
				3BFC25611BB7D34A00B11C96 /* TableViewCells */,
				3B0FB3F21BB74D36006B4F1E /* Discover */,
				3B9B31F21BB36EB20090D0EA /* SignUP */,
				3B3B0A471BB3643800E58F19 /* ParentClasses */,
				3B3B0A4B1BB364D400E58F19 /* SGConstants.h */,
				3B3B0A4C1BB364D400E58F19 /* SGConstants.m */,
				3B3B0A4E1BB364E200E58F19 /* PFWebServiceCalls.h */,
				3B3B0A4F1BB364E200E58F19 /* PFWebServiceCalls.m */,
			);
			path = Classes;
			sourceTree = "<group>";
		};
		3B3B0A451BB363E900E58F19 /* Resources */ = {
			isa = PBXGroup;
			children = (
			);
			path = Resources;
			sourceTree = "<group>";
		};
		3B3B0A461BB3640D00E58F19 /* Storyboard */ = {
			isa = PBXGroup;
			children = (
				3B3B0A241BB362B400E58F19 /* LaunchScreen.xib */,
				3B3B0A1F1BB362B400E58F19 /* Main.storyboard */,
				3BF6529F1BB9AA9E00BEB521 /* NewsFeed.storyboard */,
				3BF776EE1BD78ECA003A9C6C /* Chat.storyboard */,
				3B05A9C01C25C14E00199120 /* JIMAccView.xib */,
			);
			name = Storyboard;
			sourceTree = "<group>";
		};
		3B3B0A471BB3643800E58F19 /* ParentClasses */ = {
			isa = PBXGroup;
			children = (
				3B3B0A481BB364B000E58F19 /* JIMParentViewController.h */,
				3B3B0A491BB364B000E58F19 /* JIMParentViewController.m */,
				3B9ACC0B1BB4B15400FB9424 /* JIMHomeTabbarVC.h */,
				3B9ACC0C1BB4B15400FB9424 /* JIMHomeTabbarVC.m */,
			);
			name = ParentClasses;
			sourceTree = "<group>";
		};
		3B9B31F21BB36EB20090D0EA /* SignUP */ = {
			isa = PBXGroup;
			children = (
				3B9B31EF1BB36EA70090D0EA /* JIMProfileCreateVC.h */,
				3B9B31F01BB36EA70090D0EA /* JIMProfileCreateVC.m */,
				3B3B0A411BB3636300E58F19 /* JIMViewController.h */,
				3B3B0A421BB3636300E58F19 /* JIMViewController.m */,
				3B9634FD1BC242B9006A1730 /* JIMProfileSettingVC.h */,
				3B9634FE1BC242B9006A1730 /* JIMProfileSettingVC.m */,
			);
			name = SignUP;
			sourceTree = "<group>";
		};
		3BC838EA1BEBCEB100269714 /* MyDiscover */ = {
			isa = PBXGroup;
			children = (
				3BC838EB1BEBCECE00269714 /* JIMMyDiscoverVC.h */,
				3BC838EC1BEBCECE00269714 /* JIMMyDiscoverVC.m */,
			);
			name = MyDiscover;
			sourceTree = "<group>";
		};
		3BF652A11BB9AD1000BEB521 /* NewsFeed */ = {
			isa = PBXGroup;
			children = (
				3BF652A21BB9AD7D00BEB521 /* JIMNewsFeedVC.h */,
				3BF652A31BB9AD7D00BEB521 /* JIMNewsFeedVC.m */,
				3B2E16281BD02A05009B90FE /* JIMCommentCell.h */,
				3B2E16291BD02A05009B90FE /* JIMCommentCell.m */,
				3B2E162B1BD02A68009B90FE /* JIMEventDeailVC.h */,
				3B2E162C1BD02A68009B90FE /* JIMEventDeailVC.m */,
				3BD2F3191BD2D80E00360051 /* JIMFeedContainerVC.h */,
				3BD2F31A1BD2D80E00360051 /* JIMFeedContainerVC.m */,
			);
			name = NewsFeed;
			sourceTree = "<group>";
		};
		3BFC25611BB7D34A00B11C96 /* TableViewCells */ = {
			isa = PBXGroup;
			children = (
				3BFC25621BB7D37300B11C96 /* JIMDiscoverCell.h */,
				3BFC25631BB7D37300B11C96 /* JIMDiscoverCell.m */,
			);
			name = TableViewCells;
			sourceTree = "<group>";
		};
		3BFEC1E81BD809B4007854A6 /* Chat */ = {
			isa = PBXGroup;
			children = (
				3BFEC1E91BD80A38007854A6 /* ChatUserListVC.h */,
				3BFEC1EA1BD80A38007854A6 /* ChatUserListVC.m */,
				3BED07DB1BE04275008A6690 /* JIMChatVC.h */,
				3BED07DC1BE04275008A6690 /* JIMChatVC.m */,
				3B936A7A1BE29198000AD7B7 /* JIMChatCell.h */,
				3B936A7B1BE29198000AD7B7 /* JIMChatCell.m */,
			);
			name = Chat;
			sourceTree = "<group>";
		};
		3BFFC0D31C0FB7E300C49C45 /* Model */ = {
			isa = PBXGroup;
			children = (
				3BFFC0D41C0FB80700C49C45 /* User.h */,
				3BFFC0D51C0FB80700C49C45 /* User.m */,
			);
			name = Model;
			sourceTree = "<group>";
		};
/* End PBXGroup section */

/* Begin PBXNativeTarget section */
		3B3B0A111BB362B400E58F19 /* JustItMind */ = {
			isa = PBXNativeTarget;
			buildConfigurationList = 3B3B0A351BB362B500E58F19 /* Build configuration list for PBXNativeTarget "JustItMind" */;
			buildPhases = (
				3B3B0A0E1BB362B400E58F19 /* Sources */,
				3B3B0A0F1BB362B400E58F19 /* Frameworks */,
				3B3B0A101BB362B400E58F19 /* Resources */,
			);
			buildRules = (
			);
			dependencies = (
			);
			name = JustItMind;
			productName = JustItMind;
			productReference = 3B3B0A121BB362B400E58F19 /* JustItMind.app */;
			productType = "com.apple.product-type.application";
		};
		3B3B0A2A1BB362B500E58F19 /* JustItMindTests */ = {
			isa = PBXNativeTarget;
			buildConfigurationList = 3B3B0A381BB362B500E58F19 /* Build configuration list for PBXNativeTarget "JustItMindTests" */;
			buildPhases = (
				3B3B0A271BB362B500E58F19 /* Sources */,
				3B3B0A281BB362B500E58F19 /* Frameworks */,
				3B3B0A291BB362B500E58F19 /* Resources */,
			);
			buildRules = (
			);
			dependencies = (
				3B3B0A2D1BB362B500E58F19 /* PBXTargetDependency */,
			);
			name = JustItMindTests;
			productName = JustItMindTests;
			productReference = 3B3B0A2B1BB362B500E58F19 /* JustItMindTests.xctest */;
			productType = "com.apple.product-type.bundle.unit-test";
		};
/* End PBXNativeTarget section */

/* Begin PBXProject section */
		3B3B0A0A1BB362B400E58F19 /* Project object */ = {
			isa = PBXProject;
			attributes = {
				LastUpgradeCheck = 0610;
				ORGANIZATIONNAME = "Viksah Kumar";
				TargetAttributes = {
					3B3B0A111BB362B400E58F19 = {
						CreatedOnToolsVersion = 6.1;
					};
					3B3B0A2A1BB362B500E58F19 = {
						CreatedOnToolsVersion = 6.1;
						TestTargetID = 3B3B0A111BB362B400E58F19;
					};
				};
			};
			buildConfigurationList = 3B3B0A0D1BB362B400E58F19 /* Build configuration list for PBXProject "JustItMind" */;
			compatibilityVersion = "Xcode 3.2";
			developmentRegion = English;
			hasScannedForEncodings = 0;
			knownRegions = (
				en,
				Base,
			);
			mainGroup = 3B3B0A091BB362B400E58F19;
			productRefGroup = 3B3B0A131BB362B400E58F19 /* Products */;
			projectDirPath = "";
			projectRoot = "";
			targets = (
				3B3B0A111BB362B400E58F19 /* JustItMind */,
				3B3B0A2A1BB362B500E58F19 /* JustItMindTests */,
			);
		};
/* End PBXProject section */

/* Begin PBXResourcesBuildPhase section */
		3B3B0A101BB362B400E58F19 /* Resources */ = {
			isa = PBXResourcesBuildPhase;
			buildActionMask = 2147483647;
			files = (
				3B3B0A521BB369D400E58F19 /* Images.xcassets in Resources */,
				3B3B0A211BB362B400E58F19 /* Main.storyboard in Resources */,
				3B3B0A261BB362B400E58F19 /* LaunchScreen.xib in Resources */,
				3BF776EF1BD78ECA003A9C6C /* Chat.storyboard in Resources */,
				3BF652A01BB9AA9E00BEB521 /* NewsFeed.storyboard in Resources */,
				3B05A9C11C25C14E00199120 /* JIMAccView.xib in Resources */,
			);
			runOnlyForDeploymentPostprocessing = 0;
		};
		3B3B0A291BB362B500E58F19 /* Resources */ = {
			isa = PBXResourcesBuildPhase;
			buildActionMask = 2147483647;
			files = (
			);
			runOnlyForDeploymentPostprocessing = 0;
		};
/* End PBXResourcesBuildPhase section */

/* Begin PBXSourcesBuildPhase section */
		3B3B0A0E1BB362B400E58F19 /* Sources */ = {
			isa = PBXSourcesBuildPhase;
			buildActionMask = 2147483647;
			files = (
				3B3167661C0E5DCF00A5B68D /* AFURLRequestSerialization.m in Sources */,
				3B2D17C31BCB74B0000C8521 /* JImDViewController.m in Sources */,
				3B31676F1C0E5DCF00A5B68D /* UIRefreshControl+AFNetworking.m in Sources */,
				3B3B0A431BB3636300E58F19 /* AppDelegate.m in Sources */,
				3BF652A41BB9AD7D00BEB521 /* JIMNewsFeedVC.m in Sources */,
				3B936A7C1BE29198000AD7B7 /* JIMChatCell.m in Sources */,
				3B3167651C0E5DCF00A5B68D /* AFURLConnectionOperation.m in Sources */,
				3B31676A1C0E5DCF00A5B68D /* UIActivityIndicatorView+AFNetworking.m in Sources */,
				3BFFC0D61C0FB80700C49C45 /* User.m in Sources */,
				3BED07DD1BE04275008A6690 /* JIMChatVC.m in Sources */,
				3B2E162A1BD02A05009B90FE /* JIMCommentCell.m in Sources */,
				3B31676D1C0E5DCF00A5B68D /* UIImageView+AFNetworking.m in Sources */,
				3BFC25641BB7D37300B11C96 /* JIMDiscoverCell.m in Sources */,
				3B00DB901BBB027700FD29D4 /* JIMContainerVC.m in Sources */,
				3B2E162D1BD02A68009B90FE /* JIMEventDeailVC.m in Sources */,
				3B31676B1C0E5DCF00A5B68D /* UIAlertView+AFNetworking.m in Sources */,
				3B3B0A181BB362B400E58F19 /* main.m in Sources */,
				3B3167631C0E5DCF00A5B68D /* AFNetworkReachabilityManager.m in Sources */,
				3B9ACC0D1BB4B15400FB9424 /* JIMHomeTabbarVC.m in Sources */,
				3B3167701C0E5DCF00A5B68D /* UIWebView+AFNetworking.m in Sources */,
				3B3B0A501BB364E200E58F19 /* PFWebServiceCalls.m in Sources */,
				3B3167681C0E5DCF00A5B68D /* AFURLSessionManager.m in Sources */,
				3B9B31F11BB36EA70090D0EA /* JIMProfileCreateVC.m in Sources */,
				3B02B1281BE93BD300F20FAA /* JIMResidentVC.m in Sources */,
				3B0FB3F51BB74D81006B4F1E /* JIMDiscoverVC.m in Sources */,
				3B3B0A4A1BB364B000E58F19 /* JIMParentViewController.m in Sources */,
				3B31676C1C0E5DCF00A5B68D /* UIButton+AFNetworking.m in Sources */,
				3BD2F31B1BD2D80E00360051 /* JIMFeedContainerVC.m in Sources */,
				3B31676E1C0E5DCF00A5B68D /* UIProgressView+AFNetworking.m in Sources */,
				3B3B0A4D1BB364D400E58F19 /* SGConstants.m in Sources */,
				3BC838ED1BEBCECE00269714 /* JIMMyDiscoverVC.m in Sources */,
				3B9634FF1BC242B9006A1730 /* JIMProfileSettingVC.m in Sources */,
				3B3167691C0E5DCF00A5B68D /* AFNetworkActivityIndicatorManager.m in Sources */,
				3B3167641C0E5DCF00A5B68D /* AFSecurityPolicy.m in Sources */,
				3B3167611C0E5DCF00A5B68D /* AFHTTPRequestOperationManager.m in Sources */,
				3B3167621C0E5DCF00A5B68D /* AFHTTPSessionManager.m in Sources */,
				3B02B12B1BE9419B00F20FAA /* JIMTblSimpleCell.m in Sources */,
				3B3B0A441BB3636300E58F19 /* JIMViewController.m in Sources */,
				3B3167601C0E5DCF00A5B68D /* AFHTTPRequestOperation.m in Sources */,
				3BFEC1EB1BD80A38007854A6 /* ChatUserListVC.m in Sources */,
				3B3167671C0E5DCF00A5B68D /* AFURLResponseSerialization.m in Sources */,
				3B02B1241BE9272500F20FAA /* JIMProfileVC.m in Sources */,
			);
			runOnlyForDeploymentPostprocessing = 0;
		};
		3B3B0A271BB362B500E58F19 /* Sources */ = {
			isa = PBXSourcesBuildPhase;
			buildActionMask = 2147483647;
			files = (
				3B3B0A321BB362B500E58F19 /* JustItMindTests.m in Sources */,
			);
			runOnlyForDeploymentPostprocessing = 0;
		};
/* End PBXSourcesBuildPhase section */

/* Begin PBXTargetDependency section */
		3B3B0A2D1BB362B500E58F19 /* PBXTargetDependency */ = {
			isa = PBXTargetDependency;
			target = 3B3B0A111BB362B400E58F19 /* JustItMind */;
			targetProxy = 3B3B0A2C1BB362B500E58F19 /* PBXContainerItemProxy */;
		};
/* End PBXTargetDependency section */

/* Begin PBXVariantGroup section */
		3B3B0A1F1BB362B400E58F19 /* Main.storyboard */ = {
			isa = PBXVariantGroup;
			children = (
				3B3B0A201BB362B400E58F19 /* Base */,
			);
			name = Main.storyboard;
			sourceTree = "<group>";
		};
		3B3B0A241BB362B400E58F19 /* LaunchScreen.xib */ = {
			isa = PBXVariantGroup;
			children = (
				3B3B0A251BB362B400E58F19 /* Base */,
			);
			name = LaunchScreen.xib;
			sourceTree = "<group>";
		};
/* End PBXVariantGroup section */

/* Begin XCBuildConfiguration section */
		3B3B0A331BB362B500E58F19 /* Debug */ = {
			isa = XCBuildConfiguration;
			buildSettings = {
				ALWAYS_SEARCH_USER_PATHS = NO;
				CLANG_CXX_LANGUAGE_STANDARD = "gnu++0x";
				CLANG_CXX_LIBRARY = "libc++";
				CLANG_ENABLE_MODULES = YES;
				CLANG_ENABLE_OBJC_ARC = YES;
				CLANG_WARN_BOOL_CONVERSION = YES;
				CLANG_WARN_CONSTANT_CONVERSION = YES;
				CLANG_WARN_DIRECT_OBJC_ISA_USAGE = YES_ERROR;
				CLANG_WARN_EMPTY_BODY = YES;
				CLANG_WARN_ENUM_CONVERSION = YES;
				CLANG_WARN_INT_CONVERSION = YES;
				CLANG_WARN_OBJC_ROOT_CLASS = YES_ERROR;
				CLANG_WARN_UNREACHABLE_CODE = YES;
				CLANG_WARN__DUPLICATE_METHOD_MATCH = YES;
				"CODE_SIGN_IDENTITY[sdk=iphoneos*]" = "iPhone Developer";
				COPY_PHASE_STRIP = NO;
				ENABLE_STRICT_OBJC_MSGSEND = YES;
				GCC_C_LANGUAGE_STANDARD = gnu99;
				GCC_DYNAMIC_NO_PIC = NO;
				GCC_OPTIMIZATION_LEVEL = 0;
				GCC_PREPROCESSOR_DEFINITIONS = (
					"DEBUG=1",
					"$(inherited)",
				);
				GCC_SYMBOLS_PRIVATE_EXTERN = NO;
				GCC_WARN_64_TO_32_BIT_CONVERSION = YES;
				GCC_WARN_ABOUT_RETURN_TYPE = YES_ERROR;
				GCC_WARN_UNDECLARED_SELECTOR = YES;
				GCC_WARN_UNINITIALIZED_AUTOS = YES_AGGRESSIVE;
				GCC_WARN_UNUSED_FUNCTION = YES;
				GCC_WARN_UNUSED_VARIABLE = YES;
				IPHONEOS_DEPLOYMENT_TARGET = 8.1;
				MTL_ENABLE_DEBUG_INFO = YES;
				ONLY_ACTIVE_ARCH = YES;
				SDKROOT = iphoneos;
			};
			name = Debug;
		};
		3B3B0A341BB362B500E58F19 /* Release */ = {
			isa = XCBuildConfiguration;
			buildSettings = {
				ALWAYS_SEARCH_USER_PATHS = NO;
				CLANG_CXX_LANGUAGE_STANDARD = "gnu++0x";
				CLANG_CXX_LIBRARY = "libc++";
				CLANG_ENABLE_MODULES = YES;
				CLANG_ENABLE_OBJC_ARC = YES;
				CLANG_WARN_BOOL_CONVERSION = YES;
				CLANG_WARN_CONSTANT_CONVERSION = YES;
				CLANG_WARN_DIRECT_OBJC_ISA_USAGE = YES_ERROR;
				CLANG_WARN_EMPTY_BODY = YES;
				CLANG_WARN_ENUM_CONVERSION = YES;
				CLANG_WARN_INT_CONVERSION = YES;
				CLANG_WARN_OBJC_ROOT_CLASS = YES_ERROR;
				CLANG_WARN_UNREACHABLE_CODE = YES;
				CLANG_WARN__DUPLICATE_METHOD_MATCH = YES;
				"CODE_SIGN_IDENTITY[sdk=iphoneos*]" = "iPhone Developer";
				COPY_PHASE_STRIP = YES;
				ENABLE_NS_ASSERTIONS = NO;
				ENABLE_STRICT_OBJC_MSGSEND = YES;
				GCC_C_LANGUAGE_STANDARD = gnu99;
				GCC_WARN_64_TO_32_BIT_CONVERSION = YES;
				GCC_WARN_ABOUT_RETURN_TYPE = YES_ERROR;
				GCC_WARN_UNDECLARED_SELECTOR = YES;
				GCC_WARN_UNINITIALIZED_AUTOS = YES_AGGRESSIVE;
				GCC_WARN_UNUSED_FUNCTION = YES;
				GCC_WARN_UNUSED_VARIABLE = YES;
				IPHONEOS_DEPLOYMENT_TARGET = 8.1;
				MTL_ENABLE_DEBUG_INFO = NO;
				SDKROOT = iphoneos;
				VALIDATE_PRODUCT = YES;
			};
			name = Release;
		};
		3B3B0A361BB362B500E58F19 /* Debug */ = {
			isa = XCBuildConfiguration;
			buildSettings = {
				ASSETCATALOG_COMPILER_APPICON_NAME = AppIcon;
				GCC_PRECOMPILE_PREFIX_HEADER = NO;
				GCC_PREFIX_HEADER = "JustItMind/JustItMind-PCH.pch";
				INFOPLIST_FILE = JustItMind/Info.plist;
				LD_RUNPATH_SEARCH_PATHS = "$(inherited) @executable_path/Frameworks";
				PRODUCT_NAME = "$(TARGET_NAME)";
			};
			name = Debug;
		};
		3B3B0A371BB362B500E58F19 /* Release */ = {
			isa = XCBuildConfiguration;
			buildSettings = {
				ASSETCATALOG_COMPILER_APPICON_NAME = AppIcon;
				GCC_PRECOMPILE_PREFIX_HEADER = NO;
				GCC_PREFIX_HEADER = "JustItMind/JustItMind-PCH.pch";
				INFOPLIST_FILE = JustItMind/Info.plist;
				LD_RUNPATH_SEARCH_PATHS = "$(inherited) @executable_path/Frameworks";
				PRODUCT_NAME = "$(TARGET_NAME)";
			};
			name = Release;
		};
		3B3B0A391BB362B500E58F19 /* Debug */ = {
			isa = XCBuildConfiguration;
			buildSettings = {
				BUNDLE_LOADER = "$(TEST_HOST)";
				FRAMEWORK_SEARCH_PATHS = (
					"$(SDKROOT)/Developer/Library/Frameworks",
					"$(inherited)",
				);
				GCC_PREPROCESSOR_DEFINITIONS = (
					"DEBUG=1",
					"$(inherited)",
				);
				INFOPLIST_FILE = JustItMindTests/Info.plist;
				LD_RUNPATH_SEARCH_PATHS = "$(inherited) @executable_path/Frameworks @loader_path/Frameworks";
				PRODUCT_NAME = "$(TARGET_NAME)";
				TEST_HOST = "$(BUILT_PRODUCTS_DIR)/JustItMind.app/JustItMind";
			};
			name = Debug;
		};
		3B3B0A3A1BB362B500E58F19 /* Release */ = {
			isa = XCBuildConfiguration;
			buildSettings = {
				BUNDLE_LOADER = "$(TEST_HOST)";
				FRAMEWORK_SEARCH_PATHS = (
					"$(SDKROOT)/Developer/Library/Frameworks",
					"$(inherited)",
				);
				INFOPLIST_FILE = JustItMindTests/Info.plist;
				LD_RUNPATH_SEARCH_PATHS = "$(inherited) @executable_path/Frameworks @loader_path/Frameworks";
				PRODUCT_NAME = "$(TARGET_NAME)";
				TEST_HOST = "$(BUILT_PRODUCTS_DIR)/JustItMind.app/JustItMind";
			};
			name = Release;
		};
/* End XCBuildConfiguration section */

/* Begin XCConfigurationList section */
		3B3B0A0D1BB362B400E58F19 /* Build configuration list for PBXProject "JustItMind" */ = {
			isa = XCConfigurationList;
			buildConfigurations = (
				3B3B0A331BB362B500E58F19 /* Debug */,
				3B3B0A341BB362B500E58F19 /* Release */,
			);
			defaultConfigurationIsVisible = 0;
			defaultConfigurationName = Release;
		};
		3B3B0A351BB362B500E58F19 /* Build configuration list for PBXNativeTarget "JustItMind" */ = {
			isa = XCConfigurationList;
			buildConfigurations = (
				3B3B0A361BB362B500E58F19 /* Debug */,
				3B3B0A371BB362B500E58F19 /* Release */,
			);
			defaultConfigurationIsVisible = 0;
			defaultConfigurationName = Release;
		};
		3B3B0A381BB362B500E58F19 /* Build configuration list for PBXNativeTarget "JustItMindTests" */ = {
			isa = XCConfigurationList;
			buildConfigurations = (
				3B3B0A391BB362B500E58F19 /* Debug */,
				3B3B0A3A1BB362B500E58F19 /* Release */,
			);
			defaultConfigurationIsVisible = 0;
			defaultConfigurationName = Release;
		};
/* End XCConfigurationList section */
	};
	rootObject = 3B3B0A0A1BB362B400E58F19 /* Project object */;
}
